{
  "name": "deadlock-language-tool",
  "version": "1.0.0",
  "lockfileVersion": 3,
  "requires": true,
  "packages": {
    "": {
      "name": "deadlock-language-tool",
      "version": "1.0.0",
      "license": "ISC",
      "dependencies": {
        "to-shavian": "^0.3.1",
        "tokenizr": "^1.7.0"
      }
    },
    "node_modules/to-shavian": {
      "version": "0.3.1",
      "resolved": "https://registry.npmjs.org/to-shavian/-/to-shavian-0.3.1.tgz",
      "integrity": "sha512-9vdbU1OPVk+LBxS1rB9XsBRaxU8uyYyfsO9+ka6ACxYfx6py8jib4AOzDdiCsr8mqnbUwebazsHWKzkX84Itew=="
    },
    "node_modules/tokenizr": {
      "version": "1.7.0",
      "resolved": "https://registry.npmjs.org/tokenizr/-/tokenizr-1.7.0.tgz",
      "integrity": "sha512-XHJRmcTZRK4xr9Rjci/Z5JerDwV4SOczO7G/hhrIddNLDJY9hZY7pX6vC7GvDUtlfjFb0BvBblE5JAVKbB2OEQ=="
    }
  }
}
